
Microsoft Visual Studio Solution File, Format Version 12.00
# Visual Studio Version 17
VisualStudioVersion = 17.14.36915.13
MinimumVisualStudioVersion = 10.0.40219.1
Project("{FAE04EC0-301F-11D3-BF4B-00C04F79EFBC}") = "Assessment.UI", "Assessment.UI\Assessment.UI.csproj", "{158639C5-E02E-43B8-BD1F-A5FCD89FE378}"
EndProject
Project("{FAE04EC0-301F-11D3-BF4B-00C04F79EFBC}") = "Assessment.BAL", "Assessment.BAL\Assessment.BAL.csproj", "{AA661E07-46A1-4CF5-94FF-EADF6E138021}"
EndProject
Project("{FAE04EC0-301F-11D3-BF4B-00C04F79EFBC}") = "Assessment.DAL", "Assessment.DAL\Assessment.DAL.csproj", "{2DD82A92-FE56-4593-946C-88249D14EDB6}"
EndProject
Global
	GlobalSection(SolutionConfigurationPlatforms) = preSolution
		Debug|Any CPU = Debug|Any CPU
		Debug|x64 = Debug|x64
		Debug|x86 = Debug|x86
		Release|Any CPU = Release|Any CPU
		Release|x64 = Release|x64
		Release|x86 = Release|x86
	EndGlobalSection
	GlobalSection(ProjectConfigurationPlatforms) = postSolution
		{158639C5-E02E-43B8-BD1F-A5FCD89FE378}.Debug|Any CPU.ActiveCfg = Debug|Any CPU
		{158639C5-E02E-43B8-BD1F-A5FCD89FE378}.Debug|Any CPU.Build.0 = Debug|Any CPU
		{158639C5-E02E-43B8-BD1F-A5FCD89FE378}.Debug|x64.ActiveCfg = Debug|Any CPU
		{158639C5-E02E-43B8-BD1F-A5FCD89FE378}.Debug|x64.Build.0 = Debug|Any CPU
		{158639C5-E02E-43B8-BD1F-A5FCD89FE378}.Debug|x86.ActiveCfg = Debug|Any CPU
		{158639C5-E02E-43B8-BD1F-A5FCD89FE378}.Debug|x86.Build.0 = Debug|Any CPU
		{158639C5-E02E-43B8-BD1F-A5FCD89FE378}.Release|Any CPU.ActiveCfg = Release|Any CPU
		{158639C5-E02E-43B8-BD1F-A5FCD89FE378}.Release|Any CPU.Build.0 = Release|Any CPU
		{158639C5-E02E-43B8-BD1F-A5FCD89FE378}.Release|x64.ActiveCfg = Release|Any CPU
		{158639C5-E02E-43B8-BD1F-A5FCD89FE378}.Release|x64.Build.0 = Release|Any CPU
		{158639C5-E02E-43B8-BD1F-A5FCD89FE378}.Release|x86.ActiveCfg = Release|Any CPU
		{158639C5-E02E-43B8-BD1F-A5FCD89FE378}.Release|x86.Build.0 = Release|Any CPU
		{AA661E07-46A1-4CF5-94FF-EADF6E138021}.Debug|Any CPU.ActiveCfg = Debug|Any CPU
		{AA661E07-46A1-4CF5-94FF-EADF6E138021}.Debug|Any CPU.Build.0 = Debug|Any CPU
		{AA661E07-46A1-4CF5-94FF-EADF6E138021}.Debug|x64.ActiveCfg = Debug|Any CPU
		{AA661E07-46A1-4CF5-94FF-EADF6E138021}.Debug|x64.Build.0 = Debug|Any CPU
		{AA661E07-46A1-4CF5-94FF-EADF6E138021}.Debug|x86.ActiveCfg = Debug|Any CPU
		{AA661E07-46A1-4CF5-94FF-EADF6E138021}.Debug|x86.Build.0 = Debug|Any CPU
		{AA661E07-46A1-4CF5-94FF-EADF6E138021}.Release|Any CPU.ActiveCfg = Release|Any CPU
		{AA661E07-46A1-4CF5-94FF-EADF6E138021}.Release|Any CPU.Build.0 = Release|Any CPU
		{AA661E07-46A1-4CF5-94FF-EADF6E138021}.Release|x64.ActiveCfg = Release|Any CPU
		{AA661E07-46A1-4CF5-94FF-EADF6E138021}.Release|x64.Build.0 = Release|Any CPU
		{AA661E07-46A1-4CF5-94FF-EADF6E138021}.Release|x86.ActiveCfg = Release|Any CPU
		{AA661E07-46A1-4CF5-94FF-EADF6E138021}.Release|x86.Build.0 = Release|Any CPU
		{2DD82A92-FE56-4593-946C-88249D14EDB6}.Debug|Any CPU.ActiveCfg = Debug|Any CPU
		{2DD82A92-FE56-4593-946C-88249D14EDB6}.Debug|Any CPU.Build.0 = Debug|Any CPU
		{2DD82A92-FE56-4593-946C-88249D14EDB6}.Debug|x64.ActiveCfg = Debug|Any CPU
		{2DD82A92-FE56-4593-946C-88249D14EDB6}.Debug|x64.Build.0 = Debug|Any CPU
		{2DD82A92-FE56-4593-946C-88249D14EDB6}.Debug|x86.ActiveCfg = Debug|Any CPU
		{2DD82A92-FE56-4593-946C-88249D14EDB6}.Debug|x86.Build.0 = Debug|Any CPU
		{2DD82A92-FE56-4593-946C-88249D14EDB6}.Release|Any CPU.ActiveCfg = Release|Any CPU
		{2DD82A92-FE56-4593-946C-88249D14EDB6}.Release|Any CPU.Build.0 = Release|Any CPU
		{2DD82A92-FE56-4593-946C-88249D14EDB6}.Release|x64.ActiveCfg = Release|Any CPU
		{2DD82A92-FE56-4593-946C-88249D14EDB6}.Release|x64.Build.0 = Release|Any CPU
		{2DD82A92-FE56-4593-946C-88249D14EDB6}.Release|x86.ActiveCfg = Release|Any CPU
		{2DD82A92-FE56-4593-946C-88249D14EDB6}.Release|x86.Build.0 = Release|Any CPU
	EndGlobalSection
	GlobalSection(SolutionProperties) = preSolution
		HideSolutionNode = FALSE
	EndGlobalSection
	GlobalSection(ExtensibilityGlobals) = postSolution
		SolutionGuid = {E7090D40-34C2-4F91-8352-61CDD7A52AB6}
	EndGlobalSection
EndGlobal
